
Microsoft Visual Studio Solution File, Format Version 12.00
# Visual Studio Version 17
VisualStudioVersion = 17.7.34031.279
MinimumVisualStudioVersion = 10.0.40219.1
Project("{9A19103F-16F7-4668-BE54-9A1E7A4F7556}") = "Battleship", "Battleship\Battleship.csproj", "{A4FEC28D-F711-4FDB-ADA0-62CA31AFB9EC}"
EndProject
Project("{9A19103F-16F7-4668-BE54-9A1E7A4F7556}") = "BattleshipClient", "BattleshipClient\BattleshipClient.csproj", "{A201CA33-6C52-42D5-9AA9-30579C0D0D2A}"
EndProject
Project("{9A19103F-16F7-4668-BE54-9A1E7A4F7556}") = "BattleshipClientTests1", "BattleshipClientTests1\BattleshipClientTests1.csproj", "{95268A7C-2F3D-498B-932A-8D232B7BCBE3}"
EndProject
Project("{2150E333-8FDC-42A3-9474-1A3956D46DE8}") = "Solution Items", "Solution Items", "{52553379-1F73-454D-B86F-E586DD1AE7D8}"
	ProjectSection(SolutionItems) = preProject
		.editorconfig = .editorconfig
	EndProjectSection
EndProject
Global
	GlobalSection(SolutionConfigurationPlatforms) = preSolution
		Debug|Any CPU = Debug|Any CPU
		Release|Any CPU = Release|Any CPU
	EndGlobalSection
	GlobalSection(ProjectConfigurationPlatforms) = postSolution
		{A4FEC28D-F711-4FDB-ADA0-62CA31AFB9EC}.Debug|Any CPU.ActiveCfg = Debug|Any CPU
		{A4FEC28D-F711-4FDB-ADA0-62CA31AFB9EC}.Debug|Any CPU.Build.0 = Debug|Any CPU
		{A4FEC28D-F711-4FDB-ADA0-62CA31AFB9EC}.Release|Any CPU.ActiveCfg = Release|Any CPU
		{A4FEC28D-F711-4FDB-ADA0-62CA31AFB9EC}.Release|Any CPU.Build.0 = Release|Any CPU
		{A201CA33-6C52-42D5-9AA9-30579C0D0D2A}.Debug|Any CPU.ActiveCfg = Debug|Any CPU
		{A201CA33-6C52-42D5-9AA9-30579C0D0D2A}.Debug|Any CPU.Build.0 = Debug|Any CPU
		{A201CA33-6C52-42D5-9AA9-30579C0D0D2A}.Release|Any CPU.ActiveCfg = Release|Any CPU
		{A201CA33-6C52-42D5-9AA9-30579C0D0D2A}.Release|Any CPU.Build.0 = Release|Any CPU
		{95268A7C-2F3D-498B-932A-8D232B7BCBE3}.Debug|Any CPU.ActiveCfg = Debug|Any CPU
		{95268A7C-2F3D-498B-932A-8D232B7BCBE3}.Debug|Any CPU.Build.0 = Debug|Any CPU
		{95268A7C-2F3D-498B-932A-8D232B7BCBE3}.Release|Any CPU.ActiveCfg = Release|Any CPU
		{95268A7C-2F3D-498B-932A-8D232B7BCBE3}.Release|Any CPU.Build.0 = Release|Any CPU
	EndGlobalSection
	GlobalSection(SolutionProperties) = preSolution
		HideSolutionNode = FALSE
	EndGlobalSection
	GlobalSection(ExtensibilityGlobals) = postSolution
		SolutionGuid = {6129D50A-DACA-4D44-A2A0-ABABB026BF26}
	EndGlobalSection
EndGlobal
